
Microsoft Visual Studio Solution File, Format Version 12.00
# Visual Studio 14
VisualStudioVersion = 14.0.24720.0
MinimumVisualStudioVersion = 10.0.40219.1
Project("{FAE04EC0-301F-11D3-BF4B-00C04F79EFBC}") = "JsonConversion", "JsonConversion\JsonConversion.csproj", "{8934B38C-0DE0-446D-97DE-EBC842A871F1}"
EndProject
Project("{FAE04EC0-301F-11D3-BF4B-00C04F79EFBC}") = "Eval", "Eval\Eval.csproj", "{11B9188F-6A8A-4F52-8BD7-7195DD5EC7D7}"
EndProject
Project("{FAE04EC0-301F-11D3-BF4B-00C04F79EFBC}") = "SimQL", "SimQL\SimQL.csproj", "{F2B4BCBB-F2EE-4A28-A0F9-7874297D4691}"
EndProject
Global
	GlobalSection(SolutionConfigurationPlatforms) = preSolution
		Debug|Any CPU = Debug|Any CPU
		Release|Any CPU = Release|Any CPU
	EndGlobalSection
	GlobalSection(ProjectConfigurationPlatforms) = postSolution
		{8934B38C-0DE0-446D-97DE-EBC842A871F1}.Debug|Any CPU.ActiveCfg = Debug|Any CPU
		{8934B38C-0DE0-446D-97DE-EBC842A871F1}.Debug|Any CPU.Build.0 = Debug|Any CPU
		{8934B38C-0DE0-446D-97DE-EBC842A871F1}.Release|Any CPU.ActiveCfg = Release|Any CPU
		{8934B38C-0DE0-446D-97DE-EBC842A871F1}.Release|Any CPU.Build.0 = Release|Any CPU
		{11B9188F-6A8A-4F52-8BD7-7195DD5EC7D7}.Debug|Any CPU.ActiveCfg = Debug|Any CPU
		{11B9188F-6A8A-4F52-8BD7-7195DD5EC7D7}.Debug|Any CPU.Build.0 = Debug|Any CPU
		{11B9188F-6A8A-4F52-8BD7-7195DD5EC7D7}.Release|Any CPU.ActiveCfg = Release|Any CPU
		{11B9188F-6A8A-4F52-8BD7-7195DD5EC7D7}.Release|Any CPU.Build.0 = Release|Any CPU
		{F2B4BCBB-F2EE-4A28-A0F9-7874297D4691}.Debug|Any CPU.ActiveCfg = Debug|Any CPU
		{F2B4BCBB-F2EE-4A28-A0F9-7874297D4691}.Debug|Any CPU.Build.0 = Debug|Any CPU
		{F2B4BCBB-F2EE-4A28-A0F9-7874297D4691}.Release|Any CPU.ActiveCfg = Release|Any CPU
		{F2B4BCBB-F2EE-4A28-A0F9-7874297D4691}.Release|Any CPU.Build.0 = Release|Any CPU
	EndGlobalSection
	GlobalSection(SolutionProperties) = preSolution
		HideSolutionNode = FALSE
	EndGlobalSection
EndGlobal
